
Microsoft Visual Studio Solution File, Format Version 12.00
# Visual Studio Version 17
VisualStudioVersion = 17.13.35818.85
MinimumVisualStudioVersion = 10.0.40219.1
Project("{8BC9CEB8-8B4A-11D0-8D11-00A0C91BC942}") = "TaskManager", "TaskManager\TaskManager.vcxproj", "{9984770E-4FC9-4F93-A3A1-7BB0A40CF3E1}"
EndProject
Global
	GlobalSection(SolutionConfigurationPlatforms) = preSolution
		Debug|x64 = Debug|x64
		Debug|x86 = Debug|x86
		Release|x64 = Release|x64
		Release|x86 = Release|x86
	EndGlobalSection
	GlobalSection(ProjectConfigurationPlatforms) = postSolution
		{9984770E-4FC9-4F93-A3A1-7BB0A40CF3E1}.Debug|x64.ActiveCfg = Debug|x64
		{9984770E-4FC9-4F93-A3A1-7BB0A40CF3E1}.Debug|x64.Build.0 = Debug|x64
		{9984770E-4FC9-4F93-A3A1-7BB0A40CF3E1}.Debug|x86.ActiveCfg = Debug|Win32
		{9984770E-4FC9-4F93-A3A1-7BB0A40CF3E1}.Debug|x86.Build.0 = Debug|Win32
		{9984770E-4FC9-4F93-A3A1-7BB0A40CF3E1}.Release|x64.ActiveCfg = Release|x64
		{9984770E-4FC9-4F93-A3A1-7BB0A40CF3E1}.Release|x64.Build.0 = Release|x64
		{9984770E-4FC9-4F93-A3A1-7BB0A40CF3E1}.Release|x86.ActiveCfg = Release|Win32
		{9984770E-4FC9-4F93-A3A1-7BB0A40CF3E1}.Release|x86.Build.0 = Release|Win32
	EndGlobalSection
	GlobalSection(SolutionProperties) = preSolution
		HideSolutionNode = FALSE
	EndGlobalSection
	GlobalSection(ExtensibilityGlobals) = postSolution
		SolutionGuid = {EBC780CD-9701-41DF-81D5-695EF46B6404}
	EndGlobalSection
EndGlobal
